// !$*UTF8*$!
{
	archiveVersion = 1;
	classes = {
	};
	objectVersion = 48;
	objects = {

/* Begin PBXBuildFile section */
		918ADCA520E54DCC00C27DAB /* AppDelegate.swift in Sources */ = {isa = PBXBuildFile; fileRef = 918ADCA420E54DCC00C27DAB /* AppDelegate.swift */; };
		918ADCA720E54DCC00C27DAB /* ViewController.swift in Sources */ = {isa = PBXBuildFile; fileRef = 918ADCA620E54DCC00C27DAB /* ViewController.swift */; };
		918ADCAA20E54DCC00C27DAB /* Main.storyboard in Resources */ = {isa = PBXBuildFile; fileRef = 918ADCA820E54DCC00C27DAB /* Main.storyboard */; };
		918ADCAC20E54DCC00C27DAB /* Assets.xcassets in Resources */ = {isa = PBXBuildFile; fileRef = 918ADCAB20E54DCC00C27DAB /* Assets.xcassets */; };
		918ADCAF20E54DCC00C27DAB /* LaunchScreen.storyboard in Resources */ = {isa = PBXBuildFile; fileRef = 918ADCAD20E54DCC00C27DAB /* LaunchScreen.storyboard */; };
		918ADCB720E55AD100C27DAB /* UIView+Extension.swift in Sources */ = {isa = PBXBuildFile; fileRef = 918ADCB620E55AD100C27DAB /* UIView+Extension.swift */; };
		B186D19ACD4A266073FDB1D5 /* Pods_TippyRedux.framework in Frameworks */ = {isa = PBXBuildFile; fileRef = E8347D27A8588A9A7DE233E0 /* Pods_TippyRedux.framework */; };
/* End PBXBuildFile section */

/* Begin PBXFileReference section */
		34FEC95DF99192BC9312FBBB /* Pods-TippyRedux.debug.xcconfig */ = {isa = PBXFileReference; includeInIndex = 1; lastKnownFileType = text.xcconfig; name = "Pods-TippyRedux.debug.xcconfig"; path = "Pods/Target Support Files/Pods-TippyRedux/Pods-TippyRedux.debug.xcconfig"; sourceTree = "<group>"; };
		36F67D17A61FDA1418FD50C8 /* Pods-TippyRedux.release.xcconfig */ = {isa = PBXFileReference; includeInIndex = 1; lastKnownFileType = text.xcconfig; name = "Pods-TippyRedux.release.xcconfig"; path = "Pods/Target Support Files/Pods-TippyRedux/Pods-TippyRedux.release.xcconfig"; sourceTree = "<group>"; };
		918ADCA120E54DCC00C27DAB /* TippyRedux.app */ = {isa = PBXFileReference; explicitFileType = wrapper.application; includeInIndex = 0; path = TippyRedux.app; sourceTree = BUILT_PRODUCTS_DIR; };
		918ADCA420E54DCC00C27DAB /* AppDelegate.swift */ = {isa = PBXFileReference; lastKnownFileType = sourcecode.swift; path = AppDelegate.swift; sourceTree = "<group>"; };
		918ADCA620E54DCC00C27DAB /* ViewController.swift */ = {isa = PBXFileReference; lastKnownFileType = sourcecode.swift; path = ViewController.swift; sourceTree = "<group>"; };
		918ADCA920E54DCC00C27DAB /* Base */ = {isa = PBXFileReference; lastKnownFileType = file.storyboard; name = Base; path = Base.lproj/Main.storyboard; sourceTree = "<group>"; };
		918ADCAB20E54DCC00C27DAB /* Assets.xcassets */ = {isa = PBXFileReference; lastKnownFileType = folder.assetcatalog; path = Assets.xcassets; sourceTree = "<group>"; };
		918ADCAE20E54DCC00C27DAB /* Base */ = {isa = PBXFileReference; lastKnownFileType = file.storyboard; name = Base; path = Base.lproj/LaunchScreen.storyboard; sourceTree = "<group>"; };
		918ADCB020E54DCC00C27DAB /* Info.plist */ = {isa = PBXFileReference; lastKnownFileType = text.plist.xml; path = Info.plist; sourceTree = "<group>"; };
		918ADCB620E55AD100C27DAB /* UIView+Extension.swift */ = {isa = PBXFileReference; lastKnownFileType = sourcecode.swift; path = "UIView+Extension.swift"; sourceTree = "<group>"; };
		E8347D27A8588A9A7DE233E0 /* Pods_TippyRedux.framework */ = {isa = PBXFileReference; explicitFileType = wrapper.framework; includeInIndex = 0; path = Pods_TippyRedux.framework; sourceTree = BUILT_PRODUCTS_DIR; };
/* End PBXFileReference section */

/* Begin PBXFrameworksBuildPhase section */
		918ADC9E20E54DCC00C27DAB /* Frameworks */ = {
			isa = PBXFrameworksBuildPhase;
			buildActionMask = 2147483647;
			files = (
				B186D19ACD4A266073FDB1D5 /* Pods_TippyRedux.framework in Frameworks */,
			);
			runOnlyForDeploymentPostprocessing = 0;
		};
/* End PBXFrameworksBuildPhase section */

/* Begin PBXGroup section */
		79B36DDF7FC83616BA2A7A80 /* Pods */ = {
			isa = PBXGroup;
			children = (
				34FEC95DF99192BC9312FBBB /* Pods-TippyRedux.debug.xcconfig */,
				36F67D17A61FDA1418FD50C8 /* Pods-TippyRedux.release.xcconfig */,
			);
			name = Pods;
			sourceTree = "<group>";
		};
		918ADC9820E54DCC00C27DAB = {
			isa = PBXGroup;
			children = (
				918ADCA320E54DCC00C27DAB /* TippyRedux */,
				918ADCA220E54DCC00C27DAB /* Products */,
				79B36DDF7FC83616BA2A7A80 /* Pods */,
				F4267E1D150F31F763539355 /* Frameworks */,
			);
			sourceTree = "<group>";
		};
		918ADCA220E54DCC00C27DAB /* Products */ = {
			isa = PBXGroup;
			children = (
				918ADCA120E54DCC00C27DAB /* TippyRedux.app */,
			);
			name = Products;
			sourceTree = "<group>";
		};
		918ADCA320E54DCC00C27DAB /* TippyRedux */ = {
			isa = PBXGroup;
			children = (
				918ADCA420E54DCC00C27DAB /* AppDelegate.swift */,
				918ADCA620E54DCC00C27DAB /* ViewController.swift */,
				918ADCA820E54DCC00C27DAB /* Main.storyboard */,
				918ADCB620E55AD100C27DAB /* UIView+Extension.swift */,
				918ADCAB20E54DCC00C27DAB /* Assets.xcassets */,
				918ADCAD20E54DCC00C27DAB /* LaunchScreen.storyboard */,
				918ADCB020E54DCC00C27DAB /* Info.plist */,
			);
			path = TippyRedux;
			sourceTree = "<group>";
		};
		F4267E1D150F31F763539355 /* Frameworks */ = {
			isa = PBXGroup;
			children = (
				E8347D27A8588A9A7DE233E0 /* Pods_TippyRedux.framework */,
			);
			name = Frameworks;
			sourceTree = "<group>";
		};
/* End PBXGroup section */

/* Begin PBXNativeTarget section */
		918ADCA020E54DCC00C27DAB /* TippyRedux */ = {
			isa = PBXNativeTarget;
			buildConfigurationList = 918ADCB320E54DCC00C27DAB /* Build configuration list for PBXNativeTarget "TippyRedux" */;
			buildPhases = (
				90369A2EB1CE0E78AB80F3B6 /* [CP] Check Pods Manifest.lock */,
				918ADC9D20E54DCC00C27DAB /* Sources */,
				918ADC9E20E54DCC00C27DAB /* Frameworks */,
				918ADC9F20E54DCC00C27DAB /* Resources */,
			);
			buildRules = (
			);
			dependencies = (
			);
			name = TippyRedux;
			productName = TippyRedux;
			productReference = 918ADCA120E54DCC00C27DAB /* TippyRedux.app */;
			productType = "com.apple.product-type.application";
		};
/* End PBXNativeTarget section */

/* Begin PBXProject section */
		918ADC9920E54DCC00C27DAB /* Project object */ = {
			isa = PBXProject;
			attributes = {
				LastSwiftUpdateCheck = 0900;
				LastUpgradeCheck = 0900;
				ORGANIZATIONNAME = JoesMac;
				TargetAttributes = {
					918ADCA020E54DCC00C27DAB = {
						CreatedOnToolsVersion = 9.0;
						ProvisioningStyle = Automatic;
					};
				};
			};
			buildConfigurationList = 918ADC9C20E54DCC00C27DAB /* Build configuration list for PBXProject "TippyRedux" */;
			compatibilityVersion = "Xcode 8.0";
			developmentRegion = en;
			hasScannedForEncodings = 0;
			knownRegions = (
				en,
				Base,
			);
			mainGroup = 918ADC9820E54DCC00C27DAB;
			productRefGroup = 918ADCA220E54DCC00C27DAB /* Products */;
			projectDirPath = "";
			projectRoot = "";
			targets = (
				918ADCA020E54DCC00C27DAB /* TippyRedux */,
			);
		};
/* End PBXProject section */

/* Begin PBXResourcesBuildPhase section */
		918ADC9F20E54DCC00C27DAB /* Resources */ = {
			isa = PBXResourcesBuildPhase;
			buildActionMask = 2147483647;
			files = (
				918ADCAF20E54DCC00C27DAB /* LaunchScreen.storyboard in Resources */,
				918ADCAC20E54DCC00C27DAB /* Assets.xcassets in Resources */,
				918ADCAA20E54DCC00C27DAB /* Main.storyboard in Resources */,
			);
			runOnlyForDeploymentPostprocessing = 0;
		};
/* End PBXResourcesBuildPhase section */

/* Begin PBXShellScriptBuildPhase section */
		90369A2EB1CE0E78AB80F3B6 /* [CP] Check Pods Manifest.lock */ = {
			isa = PBXShellScriptBuildPhase;
			buildActionMask = 2147483647;
			files = (
			);
			inputPaths = (
				"${PODS_PODFILE_DIR_PATH}/Podfile.lock",
				"${PODS_ROOT}/Manifest.lock",
			);
			name = "[CP] Check Pods Manifest.lock";
			outputPaths = (
				"$(DERIVED_FILE_DIR)/Pods-TippyRedux-checkManifestLockResult.txt",
			);
			runOnlyForDeploymentPostprocessing = 0;
			shellPath = /bin/sh;
			shellScript = "diff \"${PODS_PODFILE_DIR_PATH}/Podfile.lock\" \"${PODS_ROOT}/Manifest.lock\" > /dev/null\nif [ $? != 0 ] ; then\n    # print error to STDERR\n    echo \"error: The sandbox is not in sync with the Podfile.lock. Run 'pod install' or update your CocoaPods installation.\" >&2\n    exit 1\nfi\n# This output is used by Xcode 'outputs' to avoid re-running this script phase.\necho \"SUCCESS\" > \"${SCRIPT_OUTPUT_FILE_0}\"\n";
			showEnvVarsInLog = 0;
		};
/* End PBXShellScriptBuildPhase section */

/* Begin PBXSourcesBuildPhase section */
		918ADC9D20E54DCC00C27DAB /* Sources */ = {
			isa = PBXSourcesBuildPhase;
			buildActionMask = 2147483647;
			files = (
				918ADCB720E55AD100C27DAB /* UIView+Extension.swift in Sources */,
				918ADCA720E54DCC00C27DAB /* ViewController.swift in Sources */,
				918ADCA520E54DCC00C27DAB /* AppDelegate.swift in Sources */,
			);
			runOnlyForDeploymentPostprocessing = 0;
		};
/* End PBXSourcesBuildPhase section */

/* Begin PBXVariantGroup section */
		918ADCA820E54DCC00C27DAB /* Main.storyboard */ = {
			isa = PBXVariantGroup;
			children = (
				918ADCA920E54DCC00C27DAB /* Base */,
			);
			name = Main.storyboard;
			sourceTree = "<group>";
		};
		918ADCAD20E54DCC00C27DAB /* LaunchScreen.storyboard */ = {
			isa = PBXVariantGroup;
			children = (
				918ADCAE20E54DCC00C27DAB /* Base */,
			);
			name = LaunchScreen.storyboard;
			sourceTree = "<group>";
		};
/* End PBXVariantGroup section */

/* Begin XCBuildConfiguration section */
		918ADCB120E54DCC00C27DAB /* Debug */ = {
			isa = XCBuildConfiguration;
			buildSettings = {
				ALWAYS_SEARCH_USER_PATHS = NO;
				CLANG_ANALYZER_NONNULL = YES;
				CLANG_ANALYZER_NUMBER_OBJECT_CONVERSION = YES_AGGRESSIVE;
				CLANG_CXX_LANGUAGE_STANDARD = "gnu++14";
				CLANG_CXX_LIBRARY = "libc++";
				CLANG_ENABLE_MODULES = YES;
				CLANG_ENABLE_OBJC_ARC = YES;
				CLANG_WARN_BLOCK_CAPTURE_AUTORELEASING = YES;
				CLANG_WARN_BOOL_CONVERSION = YES;
				CLANG_WARN_COMMA = YES;
				CLANG_WARN_CONSTANT_CONVERSION = YES;
				CLANG_WARN_DIRECT_OBJC_ISA_USAGE = YES_ERROR;
				CLANG_WARN_DOCUMENTATION_COMMENTS = YES;
				CLANG_WARN_EMPTY_BODY = YES;
				CLANG_WARN_ENUM_CONVERSION = YES;
				CLANG_WARN_INFINITE_RECURSION = YES;
				CLANG_WARN_INT_CONVERSION = YES;
				CLANG_WARN_NON_LITERAL_NULL_CONVERSION = YES;
				CLANG_WARN_OBJC_LITERAL_CONVERSION = YES;
				CLANG_WARN_OBJC_ROOT_CLASS = YES_ERROR;
				CLANG_WARN_RANGE_LOOP_ANALYSIS = YES;
				CLANG_WARN_STRICT_PROTOTYPES = YES;
				CLANG_WARN_SUSPICIOUS_MOVE = YES;
				CLANG_WARN_UNGUARDED_AVAILABILITY = YES_AGGRESSIVE;
				CLANG_WARN_UNREACHABLE_CODE = YES;
				CLANG_WARN__DUPLICATE_METHOD_MATCH = YES;
				CODE_SIGN_IDENTITY = "iPhone Developer";
				COPY_PHASE_STRIP = NO;
				DEBUG_INFORMATION_FORMAT = dwarf;
				ENABLE_STRICT_OBJC_MSGSEND = YES;
				ENABLE_TESTABILITY = YES;
				GCC_C_LANGUAGE_STANDARD = gnu11;
				GCC_DYNAMIC_NO_PIC = NO;
				GCC_NO_COMMON_BLOCKS = YES;
				GCC_OPTIMIZATION_LEVEL = 0;
				GCC_PREPROCESSOR_DEFINITIONS = (
					"DEBUG=1",
					"$(inherited)",
				);
				GCC_WARN_64_TO_32_BIT_CONVERSION = YES;
				GCC_WARN_ABOUT_RETURN_TYPE = YES_ERROR;
				GCC_WARN_UNDECLARED_SELECTOR = YES;
				GCC_WARN_UNINITIALIZED_AUTOS = YES_AGGRESSIVE;
				GCC_WARN_UNUSED_FUNCTION = YES;
				GCC_WARN_UNUSED_VARIABLE = YES;
				IPHONEOS_DEPLOYMENT_TARGET = 11.0;
				MTL_ENABLE_DEBUG_INFO = YES;
				ONLY_ACTIVE_ARCH = YES;
				SDKROOT = iphoneos;
				SWIFT_ACTIVE_COMPILATION_CONDITIONS = DEBUG;
				SWIFT_OPTIMIZATION_LEVEL = "-Onone";
			};
			name = Debug;
		};
		918ADCB220E54DCC00C27DAB /* Release */ = {
			isa = XCBuildConfiguration;
			buildSettings = {
				ALWAYS_SEARCH_USER_PATHS = NO;
				CLANG_ANALYZER_NONNULL = YES;
				CLANG_ANALYZER_NUMBER_OBJECT_CONVERSION = YES_AGGRESSIVE;
				CLANG_CXX_LANGUAGE_STANDARD = "gnu++14";
				CLANG_CXX_LIBRARY = "libc++";
				CLANG_ENABLE_MODULES = YES;
				CLANG_ENABLE_OBJC_ARC = YES;
				CLANG_WARN_BLOCK_CAPTURE_AUTORELEASING = YES;
				CLANG_WARN_BOOL_CONVERSION = YES;
				CLANG_WARN_COMMA = YES;
				CLANG_WARN_CONSTANT_CONVERSION = YES;
				CLANG_WARN_DIRECT_OBJC_ISA_USAGE = YES_ERROR;
				CLANG_WARN_DOCUMENTATION_COMMENTS = YES;
				CLANG_WARN_EMPTY_BODY = YES;
				CLANG_WARN_ENUM_CONVERSION = YES;
				CLANG_WARN_INFINITE_RECURSION = YES;
				CLANG_WARN_INT_CONVERSION = YES;
				CLANG_WARN_NON_LITERAL_NULL_CONVERSION = YES;
				CLANG_WARN_OBJC_LITERAL_CONVERSION = YES;
				CLANG_WARN_OBJC_ROOT_CLASS = YES_ERROR;
				CLANG_WARN_RANGE_LOOP_ANALYSIS = YES;
				CLANG_WARN_STRICT_PROTOTYPES = YES;
				CLANG_WARN_SUSPICIOUS_MOVE = YES;
				CLANG_WARN_UNGUARDED_AVAILABILITY = YES_AGGRESSIVE;
				CLANG_WARN_UNREACHABLE_CODE = YES;
				CLANG_WARN__DUPLICATE_METHOD_MATCH = YES;
				CODE_SIGN_IDENTITY = "iPhone Developer";
				COPY_PHASE_STRIP = NO;
				DEBUG_INFORMATION_FORMAT = "dwarf-with-dsym";
				ENABLE_NS_ASSERTIONS = NO;
				ENABLE_STRICT_OBJC_MSGSEND = YES;
				GCC_C_LANGUAGE_STANDARD = gnu11;
				GCC_NO_COMMON_BLOCKS = YES;
				GCC_WARN_64_TO_32_BIT_CONVERSION = YES;
				GCC_WARN_ABOUT_RETURN_TYPE = YES_ERROR;
				GCC_WARN_UNDECLARED_SELECTOR = YES;
				GCC_WARN_UNINITIALIZED_AUTOS = YES_AGGRESSIVE;
				GCC_WARN_UNUSED_FUNCTION = YES;
				GCC_WARN_UNUSED_VARIABLE = YES;
				IPHONEOS_DEPLOYMENT_TARGET = 11.0;
				MTL_ENABLE_DEBUG_INFO = NO;
				SDKROOT = iphoneos;
				SWIFT_OPTIMIZATION_LEVEL = "-Owholemodule";
				VALIDATE_PRODUCT = YES;
			};
			name = Release;
		};
		918ADCB420E54DCC00C27DAB /* Debug */ = {
			isa = XCBuildConfiguration;
			baseConfigurationReference = 34FEC95DF99192BC9312FBBB /* Pods-TippyRedux.debug.xcconfig */;
			buildSettings = {
				ASSETCATALOG_COMPILER_APPICON_NAME = AppIcon;
				CODE_SIGN_STYLE = Automatic;
				INFOPLIST_FILE = TippyRedux/Info.plist;
				LD_RUNPATH_SEARCH_PATHS = "$(inherited) @executable_path/Frameworks";
				PRODUCT_BUNDLE_IDENTIFIER = JAnton.TippyRedux;
				PRODUCT_NAME = "$(TARGET_NAME)";
				SWIFT_VERSION = 4.0;
				TARGETED_DEVICE_FAMILY = "1,2";
			};
			name = Debug;
		};
		918ADCB520E54DCC00C27DAB /* Release */ = {
			isa = XCBuildConfiguration;
			baseConfigurationReference = 36F67D17A61FDA1418FD50C8 /* Pods-TippyRedux.release.xcconfig */;
			buildSettings = {
				ASSETCATALOG_COMPILER_APPICON_NAME = AppIcon;
				CODE_SIGN_STYLE = Automatic;
				INFOPLIST_FILE = TippyRedux/Info.plist;
				LD_RUNPATH_SEARCH_PATHS = "$(inherited) @executable_path/Frameworks";
				PRODUCT_BUNDLE_IDENTIFIER = JAnton.TippyRedux;
				PRODUCT_NAME = "$(TARGET_NAME)";
				SWIFT_VERSION = 4.0;
				TARGETED_DEVICE_FAMILY = "1,2";
			};
			name = Release;
		};
/* End XCBuildConfiguration section */

/* Begin XCConfigurationList section */
		918ADC9C20E54DCC00C27DAB /* Build configuration list for PBXProject "TippyRedux" */ = {
			isa = XCConfigurationList;
			buildConfigurations = (
				918ADCB120E54DCC00C27DAB /* Debug */,
				918ADCB220E54DCC00C27DAB /* Release */,
			);
			defaultConfigurationIsVisible = 0;
			defaultConfigurationName = Release;
		};
		918ADCB320E54DCC00C27DAB /* Build configuration list for PBXNativeTarget "TippyRedux" */ = {
			isa = XCConfigurationList;
			buildConfigurations = (
				918ADCB420E54DCC00C27DAB /* Debug */,
				918ADCB520E54DCC00C27DAB /* Release */,
			);
			defaultConfigurationIsVisible = 0;
			defaultConfigurationName = Release;
		};
/* End XCConfigurationList section */
	};
	rootObject = 918ADC9920E54DCC00C27DAB /* Project object */;
}
